
Microsoft Visual Studio Solution File, Format Version 12.00
# Visual Studio Version 17
VisualStudioVersion = 17.11.35327.3
MinimumVisualStudioVersion = 10.0.40219.1
Project("{9A19103F-16F7-4668-BE54-9A1E7A4F7556}") = "SBBCModTemplate", "SBBCModTemplate.csproj", "{3DE412DB-E3D5-4AC5-82E6-06893967A611}"
EndProject
Global
	GlobalSection(SolutionConfigurationPlatforms) = preSolution
		Debug|Any CPU = Debug|Any CPU
		Release|Any CPU = Release|Any CPU
	EndGlobalSection
	GlobalSection(ProjectConfigurationPlatforms) = postSolution
		{3DE412DB-E3D5-4AC5-82E6-06893967A611}.Debug|Any CPU.ActiveCfg = Debug|Any CPU
		{3DE412DB-E3D5-4AC5-82E6-06893967A611}.Debug|Any CPU.Build.0 = Debug|Any CPU
		{3DE412DB-E3D5-4AC5-82E6-06893967A611}.Release|Any CPU.ActiveCfg = Release|Any CPU
		{3DE412DB-E3D5-4AC5-82E6-06893967A611}.Release|Any CPU.Build.0 = Release|Any CPU
	EndGlobalSection
	GlobalSection(SolutionProperties) = preSolution
		HideSolutionNode = FALSE
	EndGlobalSection
	GlobalSection(ExtensibilityGlobals) = postSolution
		SolutionGuid = {D3615755-CB51-4DDD-AB44-6769D3E19BD4}
	EndGlobalSection
EndGlobal
